// !$*UTF8*$!
{
	archiveVersion = 1;
	classes = {
	};
	objectVersion = 48;
	objects = {

/* Begin PBXBuildFile section */
		BA19C5B0203B7D040079AFD5 /* AppDelegate.swift in Sources */ = {isa = PBXBuildFile; fileRef = BA19C5AF203B7D040079AFD5 /* AppDelegate.swift */; };
		BA19C5B5203B7D040079AFD5 /* Main.storyboard in Resources */ = {isa = PBXBuildFile; fileRef = BA19C5B3203B7D040079AFD5 /* Main.storyboard */; };
		BA19C5B7203B7D040079AFD5 /* Assets.xcassets in Resources */ = {isa = PBXBuildFile; fileRef = BA19C5B6203B7D040079AFD5 /* Assets.xcassets */; };
		BA19C5BA203B7D040079AFD5 /* LaunchScreen.storyboard in Resources */ = {isa = PBXBuildFile; fileRef = BA19C5B8203B7D040079AFD5 /* LaunchScreen.storyboard */; };
		BA19C5C4203B823E0079AFD5 /* MainViewController.swift in Sources */ = {isa = PBXBuildFile; fileRef = BA19C5C3203B823E0079AFD5 /* MainViewController.swift */; };
		BA19C5C8203B85830079AFD5 /* BEBAS.ttf in Resources */ = {isa = PBXBuildFile; fileRef = BA19C5C7203B857F0079AFD5 /* BEBAS.ttf */; };
		BA515E4F203BA6830073EA91 /* BillAmountTextField.swift in Sources */ = {isa = PBXBuildFile; fileRef = BA515E4E203BA6830073EA91 /* BillAmountTextField.swift */; };
/* End PBXBuildFile section */

/* Begin PBXFileReference section */
		BA19C5AC203B7D040079AFD5 /* splitCalculator.app */ = {isa = PBXFileReference; explicitFileType = wrapper.application; includeInIndex = 0; path = splitCalculator.app; sourceTree = BUILT_PRODUCTS_DIR; };
		BA19C5AF203B7D040079AFD5 /* AppDelegate.swift */ = {isa = PBXFileReference; lastKnownFileType = sourcecode.swift; path = AppDelegate.swift; sourceTree = "<group>"; };
		BA19C5B4203B7D040079AFD5 /* Base */ = {isa = PBXFileReference; lastKnownFileType = file.storyboard; name = Base; path = Base.lproj/Main.storyboard; sourceTree = "<group>"; };
		BA19C5B6203B7D040079AFD5 /* Assets.xcassets */ = {isa = PBXFileReference; lastKnownFileType = folder.assetcatalog; path = Assets.xcassets; sourceTree = "<group>"; };
		BA19C5B9203B7D040079AFD5 /* Base */ = {isa = PBXFileReference; lastKnownFileType = file.storyboard; name = Base; path = Base.lproj/LaunchScreen.storyboard; sourceTree = "<group>"; };
		BA19C5BB203B7D040079AFD5 /* Info.plist */ = {isa = PBXFileReference; lastKnownFileType = text.plist.xml; path = Info.plist; sourceTree = "<group>"; };
		BA19C5C3203B823E0079AFD5 /* MainViewController.swift */ = {isa = PBXFileReference; lastKnownFileType = sourcecode.swift; path = MainViewController.swift; sourceTree = "<group>"; };
		BA19C5C7203B857F0079AFD5 /* BEBAS.ttf */ = {isa = PBXFileReference; lastKnownFileType = file; name = BEBAS.ttf; path = ../../../../Library/Fonts/BEBAS.ttf; sourceTree = "<group>"; };
		BA515E4E203BA6830073EA91 /* BillAmountTextField.swift */ = {isa = PBXFileReference; lastKnownFileType = sourcecode.swift; path = BillAmountTextField.swift; sourceTree = "<group>"; };
/* End PBXFileReference section */

/* Begin PBXFrameworksBuildPhase section */
		BA19C5A9203B7D040079AFD5 /* Frameworks */ = {
			isa = PBXFrameworksBuildPhase;
			buildActionMask = 2147483647;
			files = (
			);
			runOnlyForDeploymentPostprocessing = 0;
		};
/* End PBXFrameworksBuildPhase section */

/* Begin PBXGroup section */
		BA19C5A3203B7D040079AFD5 = {
			isa = PBXGroup;
			children = (
				BA19C5AE203B7D040079AFD5 /* splitCalculator */,
				BA19C5AD203B7D040079AFD5 /* Products */,
			);
			sourceTree = "<group>";
		};
		BA19C5AD203B7D040079AFD5 /* Products */ = {
			isa = PBXGroup;
			children = (
				BA19C5AC203B7D040079AFD5 /* splitCalculator.app */,
			);
			name = Products;
			sourceTree = "<group>";
		};
		BA19C5AE203B7D040079AFD5 /* splitCalculator */ = {
			isa = PBXGroup;
			children = (
				BA515E4E203BA6830073EA91 /* BillAmountTextField.swift */,
				BA19C5C3203B823E0079AFD5 /* MainViewController.swift */,
				BA19C5AF203B7D040079AFD5 /* AppDelegate.swift */,
				BA19C5B3203B7D040079AFD5 /* Main.storyboard */,
				BA19C5B6203B7D040079AFD5 /* Assets.xcassets */,
				BA19C5C7203B857F0079AFD5 /* BEBAS.ttf */,
				BA19C5B8203B7D040079AFD5 /* LaunchScreen.storyboard */,
				BA19C5BB203B7D040079AFD5 /* Info.plist */,
			);
			path = splitCalculator;
			sourceTree = "<group>";
		};
/* End PBXGroup section */

/* Begin PBXNativeTarget section */
		BA19C5AB203B7D040079AFD5 /* splitCalculator */ = {
			isa = PBXNativeTarget;
			buildConfigurationList = BA19C5BE203B7D040079AFD5 /* Build configuration list for PBXNativeTarget "splitCalculator" */;
			buildPhases = (
				BA19C5A8203B7D040079AFD5 /* Sources */,
				BA19C5A9203B7D040079AFD5 /* Frameworks */,
				BA19C5AA203B7D040079AFD5 /* Resources */,
			);
			buildRules = (
			);
			dependencies = (
			);
			name = splitCalculator;
			productName = splitCalculator;
			productReference = BA19C5AC203B7D040079AFD5 /* splitCalculator.app */;
			productType = "com.apple.product-type.application";
		};
/* End PBXNativeTarget section */

/* Begin PBXProject section */
		BA19C5A4203B7D040079AFD5 /* Project object */ = {
			isa = PBXProject;
			attributes = {
				LastSwiftUpdateCheck = 0920;
				LastUpgradeCheck = 0920;
				ORGANIZATIONNAME = "Turnt Labs";
				TargetAttributes = {
					BA19C5AB203B7D040079AFD5 = {
						CreatedOnToolsVersion = 9.2;
						ProvisioningStyle = Automatic;
					};
				};
			};
			buildConfigurationList = BA19C5A7203B7D040079AFD5 /* Build configuration list for PBXProject "splitCalculator" */;
			compatibilityVersion = "Xcode 8.0";
			developmentRegion = en;
			hasScannedForEncodings = 0;
			knownRegions = (
				en,
				Base,
			);
			mainGroup = BA19C5A3203B7D040079AFD5;
			productRefGroup = BA19C5AD203B7D040079AFD5 /* Products */;
			projectDirPath = "";
			projectRoot = "";
			targets = (
				BA19C5AB203B7D040079AFD5 /* splitCalculator */,
			);
		};
/* End PBXProject section */

/* Begin PBXResourcesBuildPhase section */
		BA19C5AA203B7D040079AFD5 /* Resources */ = {
			isa = PBXResourcesBuildPhase;
			buildActionMask = 2147483647;
			files = (
				BA19C5BA203B7D040079AFD5 /* LaunchScreen.storyboard in Resources */,
				BA19C5B7203B7D040079AFD5 /* Assets.xcassets in Resources */,
				BA19C5C8203B85830079AFD5 /* BEBAS.ttf in Resources */,
				BA19C5B5203B7D040079AFD5 /* Main.storyboard in Resources */,
			);
			runOnlyForDeploymentPostprocessing = 0;
		};
/* End PBXResourcesBuildPhase section */

/* Begin PBXSourcesBuildPhase section */
		BA19C5A8203B7D040079AFD5 /* Sources */ = {
			isa = PBXSourcesBuildPhase;
			buildActionMask = 2147483647;
			files = (
				BA19C5C4203B823E0079AFD5 /* MainViewController.swift in Sources */,
				BA515E4F203BA6830073EA91 /* BillAmountTextField.swift in Sources */,
				BA19C5B0203B7D040079AFD5 /* AppDelegate.swift in Sources */,
			);
			runOnlyForDeploymentPostprocessing = 0;
		};
/* End PBXSourcesBuildPhase section */

/* Begin PBXVariantGroup section */
		BA19C5B3203B7D040079AFD5 /* Main.storyboard */ = {
			isa = PBXVariantGroup;
			children = (
				BA19C5B4203B7D040079AFD5 /* Base */,
			);
			name = Main.storyboard;
			sourceTree = "<group>";
		};
		BA19C5B8203B7D040079AFD5 /* LaunchScreen.storyboard */ = {
			isa = PBXVariantGroup;
			children = (
				BA19C5B9203B7D040079AFD5 /* Base */,
			);
			name = LaunchScreen.storyboard;
			sourceTree = "<group>";
		};
/* End PBXVariantGroup section */

/* Begin XCBuildConfiguration section */
		BA19C5BC203B7D040079AFD5 /* Debug */ = {
			isa = XCBuildConfiguration;
			buildSettings = {
				ALWAYS_SEARCH_USER_PATHS = NO;
				CLANG_ANALYZER_NONNULL = YES;
				CLANG_ANALYZER_NUMBER_OBJECT_CONVERSION = YES_AGGRESSIVE;
				CLANG_CXX_LANGUAGE_STANDARD = "gnu++14";
				CLANG_CXX_LIBRARY = "libc++";
				CLANG_ENABLE_MODULES = YES;
				CLANG_ENABLE_OBJC_ARC = YES;
				CLANG_WARN_BLOCK_CAPTURE_AUTORELEASING = YES;
				CLANG_WARN_BOOL_CONVERSION = YES;
				CLANG_WARN_COMMA = YES;
				CLANG_WARN_CONSTANT_CONVERSION = YES;
				CLANG_WARN_DIRECT_OBJC_ISA_USAGE = YES_ERROR;
				CLANG_WARN_DOCUMENTATION_COMMENTS = YES;
				CLANG_WARN_EMPTY_BODY = YES;
				CLANG_WARN_ENUM_CONVERSION = YES;
				CLANG_WARN_INFINITE_RECURSION = YES;
				CLANG_WARN_INT_CONVERSION = YES;
				CLANG_WARN_NON_LITERAL_NULL_CONVERSION = YES;
				CLANG_WARN_OBJC_LITERAL_CONVERSION = YES;
				CLANG_WARN_OBJC_ROOT_CLASS = YES_ERROR;
				CLANG_WARN_RANGE_LOOP_ANALYSIS = YES;
				CLANG_WARN_STRICT_PROTOTYPES = YES;
				CLANG_WARN_SUSPICIOUS_MOVE = YES;
				CLANG_WARN_UNGUARDED_AVAILABILITY = YES_AGGRESSIVE;
				CLANG_WARN_UNREACHABLE_CODE = YES;
				CLANG_WARN__DUPLICATE_METHOD_MATCH = YES;
				CODE_SIGN_IDENTITY = "iPhone Developer";
				COPY_PHASE_STRIP = NO;
				DEBUG_INFORMATION_FORMAT = dwarf;
				ENABLE_STRICT_OBJC_MSGSEND = YES;
				ENABLE_TESTABILITY = YES;
				GCC_C_LANGUAGE_STANDARD = gnu11;
				GCC_DYNAMIC_NO_PIC = NO;
				GCC_NO_COMMON_BLOCKS = YES;
				GCC_OPTIMIZATION_LEVEL = 0;
				GCC_PREPROCESSOR_DEFINITIONS = (
					"DEBUG=1",
					"$(inherited)",
				);
				GCC_WARN_64_TO_32_BIT_CONVERSION = YES;
				GCC_WARN_ABOUT_RETURN_TYPE = YES_ERROR;
				GCC_WARN_UNDECLARED_SELECTOR = YES;
				GCC_WARN_UNINITIALIZED_AUTOS = YES_AGGRESSIVE;
				GCC_WARN_UNUSED_FUNCTION = YES;
				GCC_WARN_UNUSED_VARIABLE = YES;
				IPHONEOS_DEPLOYMENT_TARGET = 11.2;
				MTL_ENABLE_DEBUG_INFO = YES;
				ONLY_ACTIVE_ARCH = YES;
				SDKROOT = iphoneos;
				SWIFT_ACTIVE_COMPILATION_CONDITIONS = DEBUG;
				SWIFT_OPTIMIZATION_LEVEL = "-Onone";
			};
			name = Debug;
		};
		BA19C5BD203B7D040079AFD5 /* Release */ = {
			isa = XCBuildConfiguration;
			buildSettings = {
				ALWAYS_SEARCH_USER_PATHS = NO;
				CLANG_ANALYZER_NONNULL = YES;
				CLANG_ANALYZER_NUMBER_OBJECT_CONVERSION = YES_AGGRESSIVE;
				CLANG_CXX_LANGUAGE_STANDARD = "gnu++14";
				CLANG_CXX_LIBRARY = "libc++";
				CLANG_ENABLE_MODULES = YES;
				CLANG_ENABLE_OBJC_ARC = YES;
				CLANG_WARN_BLOCK_CAPTURE_AUTORELEASING = YES;
				CLANG_WARN_BOOL_CONVERSION = YES;
				CLANG_WARN_COMMA = YES;
				CLANG_WARN_CONSTANT_CONVERSION = YES;
				CLANG_WARN_DIRECT_OBJC_ISA_USAGE = YES_ERROR;
				CLANG_WARN_DOCUMENTATION_COMMENTS = YES;
				CLANG_WARN_EMPTY_BODY = YES;
				CLANG_WARN_ENUM_CONVERSION = YES;
				CLANG_WARN_INFINITE_RECURSION = YES;
				CLANG_WARN_INT_CONVERSION = YES;
				CLANG_WARN_NON_LITERAL_NULL_CONVERSION = YES;
				CLANG_WARN_OBJC_LITERAL_CONVERSION = YES;
				CLANG_WARN_OBJC_ROOT_CLASS = YES_ERROR;
				CLANG_WARN_RANGE_LOOP_ANALYSIS = YES;
				CLANG_WARN_STRICT_PROTOTYPES = YES;
				CLANG_WARN_SUSPICIOUS_MOVE = YES;
				CLANG_WARN_UNGUARDED_AVAILABILITY = YES_AGGRESSIVE;
				CLANG_WARN_UNREACHABLE_CODE = YES;
				CLANG_WARN__DUPLICATE_METHOD_MATCH = YES;
				CODE_SIGN_IDENTITY = "iPhone Developer";
				COPY_PHASE_STRIP = NO;
				DEBUG_INFORMATION_FORMAT = "dwarf-with-dsym";
				ENABLE_NS_ASSERTIONS = NO;
				ENABLE_STRICT_OBJC_MSGSEND = YES;
				GCC_C_LANGUAGE_STANDARD = gnu11;
				GCC_NO_COMMON_BLOCKS = YES;
				GCC_WARN_64_TO_32_BIT_CONVERSION = YES;
				GCC_WARN_ABOUT_RETURN_TYPE = YES_ERROR;
				GCC_WARN_UNDECLARED_SELECTOR = YES;
				GCC_WARN_UNINITIALIZED_AUTOS = YES_AGGRESSIVE;
				GCC_WARN_UNUSED_FUNCTION = YES;
				GCC_WARN_UNUSED_VARIABLE = YES;
				IPHONEOS_DEPLOYMENT_TARGET = 11.2;
				MTL_ENABLE_DEBUG_INFO = NO;
				SDKROOT = iphoneos;
				SWIFT_OPTIMIZATION_LEVEL = "-Owholemodule";
				VALIDATE_PRODUCT = YES;
			};
			name = Release;
		};
		BA19C5BF203B7D040079AFD5 /* Debug */ = {
			isa = XCBuildConfiguration;
			buildSettings = {
				ASSETCATALOG_COMPILER_APPICON_NAME = AppIcon;
				CODE_SIGN_STYLE = Automatic;
				DEVELOPMENT_TEAM = NELGRQX33K;
				INFOPLIST_FILE = splitCalculator/Info.plist;
				LD_RUNPATH_SEARCH_PATHS = "$(inherited) @executable_path/Frameworks";
				PRODUCT_BUNDLE_IDENTIFIER = com.turntlabs.splitCalculator;
				PRODUCT_NAME = "$(TARGET_NAME)";
				SWIFT_VERSION = 4.0;
				TARGETED_DEVICE_FAMILY = "1,2";
			};
			name = Debug;
		};
		BA19C5C0203B7D040079AFD5 /* Release */ = {
			isa = XCBuildConfiguration;
			buildSettings = {
				ASSETCATALOG_COMPILER_APPICON_NAME = AppIcon;
				CODE_SIGN_STYLE = Automatic;
				DEVELOPMENT_TEAM = NELGRQX33K;
				INFOPLIST_FILE = splitCalculator/Info.plist;
				LD_RUNPATH_SEARCH_PATHS = "$(inherited) @executable_path/Frameworks";
				PRODUCT_BUNDLE_IDENTIFIER = com.turntlabs.splitCalculator;
				PRODUCT_NAME = "$(TARGET_NAME)";
				SWIFT_VERSION = 4.0;
				TARGETED_DEVICE_FAMILY = "1,2";
			};
			name = Release;
		};
/* End XCBuildConfiguration section */

/* Begin XCConfigurationList section */
		BA19C5A7203B7D040079AFD5 /* Build configuration list for PBXProject "splitCalculator" */ = {
			isa = XCConfigurationList;
			buildConfigurations = (
				BA19C5BC203B7D040079AFD5 /* Debug */,
				BA19C5BD203B7D040079AFD5 /* Release */,
			);
			defaultConfigurationIsVisible = 0;
			defaultConfigurationName = Release;
		};
		BA19C5BE203B7D040079AFD5 /* Build configuration list for PBXNativeTarget "splitCalculator" */ = {
			isa = XCConfigurationList;
			buildConfigurations = (
				BA19C5BF203B7D040079AFD5 /* Debug */,
				BA19C5C0203B7D040079AFD5 /* Release */,
			);
			defaultConfigurationIsVisible = 0;
			defaultConfigurationName = Release;
		};
/* End XCConfigurationList section */
	};
	rootObject = BA19C5A4203B7D040079AFD5 /* Project object */;
}
